// !$*UTF8*$!
{
	archiveVersion = 1;
	classes = {
	};
	objectVersion = 46;
	objects = {

/* Begin PBXBuildFile section */
		1D3623260D0F684500981E51 /* AppDelegate.m in Sources */ = {isa = PBXBuildFile; fileRef = 1D3623250D0F684500981E51 /* AppDelegate.m */; };
		1D60589B0D05DD56006BFB54 /* main.m in Sources */ = {isa = PBXBuildFile; fileRef = 29B97316FDCFA39411CA2CEA /* main.m */; };
		301BF552109A68D80062928A /* libCordova.a in Frameworks */ = {isa = PBXBuildFile; fileRef = 301BF535109A57CC0062928A /* libCordova.a */; };
		6547D15320A1B100001291EF /* OcOMainViewController.m in Sources */ = {isa = PBXBuildFile; fileRef = 6547D14E20A1B100001291EF /* OcOMainViewController.m */; };
		6547D15420A1B100001291EF /* OcONativeViewController.m in Sources */ = {isa = PBXBuildFile; fileRef = 6547D15020A1B100001291EF /* OcONativeViewController.m */; };
		6547D15520A1B100001291EF /* OcOWebViewController.m in Sources */ = {isa = PBXBuildFile; fileRef = 6547D15220A1B100001291EF /* OcOWebViewController.m */; };
		6547D15C20A1B336001291EF /* OcOAdapter.m in Sources */ = {isa = PBXBuildFile; fileRef = 6547D15820A1B336001291EF /* OcOAdapter.m */; };
		6547D15D20A1B336001291EF /* OcONetwork.m in Sources */ = {isa = PBXBuildFile; fileRef = 6547D15A20A1B336001291EF /* OcONetwork.m */; };
		6547D15E20A1B336001291EF /* OcODevice.m in Sources */ = {isa = PBXBuildFile; fileRef = 6547D15B20A1B336001291EF /* OcODevice.m */; };
		65DDA25620A2CDCB002F1B91 /* Images.xcassets in Resources */ = {isa = PBXBuildFile; fileRef = 65DDA25420A2CDCB002F1B91 /* Images.xcassets */; };
		65DDA25820A2CDD8002F1B91 /* OcO-Info.plist in Resources */ = {isa = PBXBuildFile; fileRef = 65DDA25720A2CDD8002F1B91 /* OcO-Info.plist */; };
		65DDA25E20A2CE28002F1B91 /* LaunchScreen.storyboard in Resources */ = {isa = PBXBuildFile; fileRef = 65DDA25A20A2CE28002F1B91 /* LaunchScreen.storyboard */; };
		65DDA25F20A2CE28002F1B91 /* Main.storyboard in Resources */ = {isa = PBXBuildFile; fileRef = 65DDA25C20A2CE28002F1B91 /* Main.storyboard */; };
		65DDA26620A2CF42002F1B91 /* build-debug.xcconfig in Resources */ = {isa = PBXBuildFile; fileRef = 65DDA26320A2CF42002F1B91 /* build-debug.xcconfig */; };
		65DDA26720A2CF42002F1B91 /* build-release.xcconfig in Resources */ = {isa = PBXBuildFile; fileRef = 65DDA26420A2CF42002F1B91 /* build-release.xcconfig */; };
		65DDA26820A2CF42002F1B91 /* build.xcconfig in Resources */ = {isa = PBXBuildFile; fileRef = 65DDA26520A2CF42002F1B91 /* build.xcconfig */; };
		6ADB7E317DD8486BA9969EC8 /* CDVWKWebViewUIDelegate.m in Sources */ = {isa = PBXBuildFile; fileRef = 2ED12C59FD5548B39C5BA81E /* CDVWKWebViewUIDelegate.m */; };
		7C13B126981B419490134368 /* WebKit.framework in Frameworks */ = {isa = PBXBuildFile; fileRef = ECA018CB0B484EC6AE1C344B /* WebKit.framework */; settings = {ATTRIBUTES = (Weak, ); }; };
		9DC00A17DAD946959CCADB2A /* CDVLogger.m in Sources */ = {isa = PBXBuildFile; fileRef = 114AE4B30E8A4A1BA8E050F5 /* CDVLogger.m */; };
		A03E251534924960BA890D9D /* CDVWKWebViewEngine.m in Sources */ = {isa = PBXBuildFile; fileRef = D515AB5B4D064F959D905461 /* CDVWKWebViewEngine.m */; };
		B05D1520E12DAD0673EBFEC6 /* libPods-OcO.a in Frameworks */ = {isa = PBXBuildFile; fileRef = 935A3B929559D45D4A8CF844 /* libPods-OcO.a */; };
		B2E07412A51B4B799AC04F5C /* CDVWKProcessPoolFactory.m in Sources */ = {isa = PBXBuildFile; fileRef = DEB4C8442CAE41D5BA3D5AF6 /* CDVWKProcessPoolFactory.m */; };
/* End PBXBuildFile section */

/* Begin PBXContainerItemProxy section */
		301BF534109A57CC0062928A /* PBXContainerItemProxy */ = {
			isa = PBXContainerItemProxy;
			containerPortal = 301BF52D109A57CC0062928A /* CordovaLib/CordovaLib.xcodeproj */;
			proxyType = 2;
			remoteGlobalIDString = D2AAC07E0554694100DB518D;
			remoteInfo = CordovaLib;
		};
		301BF550109A68C00062928A /* PBXContainerItemProxy */ = {
			isa = PBXContainerItemProxy;
			containerPortal = 301BF52D109A57CC0062928A /* CordovaLib/CordovaLib.xcodeproj */;
			proxyType = 1;
			remoteGlobalIDString = D2AAC07D0554694100DB518D;
			remoteInfo = CordovaLib;
		};
		6547D13520A1AED5001291EF /* PBXContainerItemProxy */ = {
			isa = PBXContainerItemProxy;
			containerPortal = 301BF52D109A57CC0062928A /* CordovaLib/CordovaLib.xcodeproj */;
			proxyType = 2;
			remoteGlobalIDString = C0C01EB21E3911D50056E6CB;
			remoteInfo = Cordova;
		};
/* End PBXContainerItemProxy section */

/* Begin PBXFileReference section */
		114AE4B30E8A4A1BA8E050F5 /* CDVLogger.m */ = {isa = PBXFileReference; explicitFileType = undefined; fileEncoding = 4; includeInIndex = 0; lastKnownFileType = sourcecode.c.objc; name = CDVLogger.m; path = "cordova-plugin-console/CDVLogger.m"; sourceTree = "<group>"; };
		1414982CA1AC4E54BE2790F3 /* CDVLogger.h */ = {isa = PBXFileReference; explicitFileType = undefined; fileEncoding = 4; includeInIndex = 0; lastKnownFileType = sourcecode.c.h; name = CDVLogger.h; path = "cordova-plugin-console/CDVLogger.h"; sourceTree = "<group>"; };
		1D3623240D0F684500981E51 /* AppDelegate.h */ = {isa = PBXFileReference; fileEncoding = 4; lastKnownFileType = sourcecode.c.h; path = AppDelegate.h; sourceTree = "<group>"; };
		1D3623250D0F684500981E51 /* AppDelegate.m */ = {isa = PBXFileReference; fileEncoding = 4; lastKnownFileType = sourcecode.c.objc; path = AppDelegate.m; sourceTree = "<group>"; };
		1D6058910D05DD3D006BFB54 /* OcO.app */ = {isa = PBXFileReference; explicitFileType = wrapper.application; includeInIndex = 0; path = OcO.app; sourceTree = BUILT_PRODUCTS_DIR; };
		29B97316FDCFA39411CA2CEA /* main.m */ = {isa = PBXFileReference; fileEncoding = 4; lastKnownFileType = sourcecode.c.objc; path = main.m; sourceTree = "<group>"; };
		2ED12C59FD5548B39C5BA81E /* CDVWKWebViewUIDelegate.m */ = {isa = PBXFileReference; explicitFileType = undefined; fileEncoding = 4; includeInIndex = 0; lastKnownFileType = sourcecode.c.objc; name = CDVWKWebViewUIDelegate.m; path = "cordova-plugin-wkwebview-engine/CDVWKWebViewUIDelegate.m"; sourceTree = "<group>"; };
		301BF52D109A57CC0062928A /* CordovaLib/CordovaLib.xcodeproj */ = {isa = PBXFileReference; lastKnownFileType = "wrapper.pb-project"; path = CordovaLib/CordovaLib.xcodeproj; sourceTree = "<group>"; };
		301BF56E109A69640062928A /* www */ = {isa = PBXFileReference; lastKnownFileType = folder; path = www; sourceTree = SOURCE_ROOT; };
		32CA4F630368D1EE00C91783 /* OcO-Prefix.pch */ = {isa = PBXFileReference; fileEncoding = 4; lastKnownFileType = sourcecode.c.h; path = "OcO-Prefix.pch"; sourceTree = "<group>"; };
		4B983E3D31435E0EE17B9D13 /* Pods-OcO.debug.xcconfig */ = {isa = PBXFileReference; includeInIndex = 1; lastKnownFileType = text.xcconfig; name = "Pods-OcO.debug.xcconfig"; path = "Pods/Target Support Files/Pods-OcO/Pods-OcO.debug.xcconfig"; sourceTree = "<group>"; };
		6547D14D20A1B100001291EF /* OcOMainViewController.h */ = {isa = PBXFileReference; fileEncoding = 4; lastKnownFileType = sourcecode.c.h; path = OcOMainViewController.h; sourceTree = "<group>"; };
		6547D14E20A1B100001291EF /* OcOMainViewController.m */ = {isa = PBXFileReference; fileEncoding = 4; lastKnownFileType = sourcecode.c.objc; path = OcOMainViewController.m; sourceTree = "<group>"; };
		6547D14F20A1B100001291EF /* OcONativeViewController.h */ = {isa = PBXFileReference; fileEncoding = 4; lastKnownFileType = sourcecode.c.h; path = OcONativeViewController.h; sourceTree = "<group>"; };
		6547D15020A1B100001291EF /* OcONativeViewController.m */ = {isa = PBXFileReference; fileEncoding = 4; lastKnownFileType = sourcecode.c.objc; path = OcONativeViewController.m; sourceTree = "<group>"; };
		6547D15120A1B100001291EF /* OcOWebViewController.h */ = {isa = PBXFileReference; fileEncoding = 4; lastKnownFileType = sourcecode.c.h; path = OcOWebViewController.h; sourceTree = "<group>"; };
		6547D15220A1B100001291EF /* OcOWebViewController.m */ = {isa = PBXFileReference; fileEncoding = 4; lastKnownFileType = sourcecode.c.objc; path = OcOWebViewController.m; sourceTree = "<group>"; };
		6547D15620A1B336001291EF /* OcOAdapter.h */ = {isa = PBXFileReference; fileEncoding = 4; lastKnownFileType = sourcecode.c.h; name = OcOAdapter.h; path = "faylib-oco-plugins/OcOAdapter.h"; sourceTree = "<group>"; };
		6547D15720A1B336001291EF /* OcODevice.h */ = {isa = PBXFileReference; fileEncoding = 4; lastKnownFileType = sourcecode.c.h; name = OcODevice.h; path = "faylib-oco-plugins/OcODevice.h"; sourceTree = "<group>"; };
		6547D15820A1B336001291EF /* OcOAdapter.m */ = {isa = PBXFileReference; fileEncoding = 4; lastKnownFileType = sourcecode.c.objc; name = OcOAdapter.m; path = "faylib-oco-plugins/OcOAdapter.m"; sourceTree = "<group>"; };
		6547D15920A1B336001291EF /* OcONetwork.h */ = {isa = PBXFileReference; fileEncoding = 4; lastKnownFileType = sourcecode.c.h; name = OcONetwork.h; path = "faylib-oco-plugins/OcONetwork.h"; sourceTree = "<group>"; };
		6547D15A20A1B336001291EF /* OcONetwork.m */ = {isa = PBXFileReference; fileEncoding = 4; lastKnownFileType = sourcecode.c.objc; name = OcONetwork.m; path = "faylib-oco-plugins/OcONetwork.m"; sourceTree = "<group>"; };
		6547D15B20A1B336001291EF /* OcODevice.m */ = {isa = PBXFileReference; fileEncoding = 4; lastKnownFileType = sourcecode.c.objc; name = OcODevice.m; path = "faylib-oco-plugins/OcODevice.m"; sourceTree = "<group>"; };
		65DDA25420A2CDCB002F1B91 /* Images.xcassets */ = {isa = PBXFileReference; lastKnownFileType = folder.assetcatalog; name = Images.xcassets; path = OcO/Images.xcassets; sourceTree = "<group>"; };
		65DDA25720A2CDD8002F1B91 /* OcO-Info.plist */ = {isa = PBXFileReference; fileEncoding = 4; lastKnownFileType = text.plist.xml; name = "OcO-Info.plist"; path = "OcO/OcO-Info.plist"; sourceTree = "<group>"; };
		65DDA25B20A2CE28002F1B91 /* Base */ = {isa = PBXFileReference; lastKnownFileType = file.storyboard; name = Base; path = OcO/Base.lproj/LaunchScreen.storyboard; sourceTree = "<group>"; };
		65DDA25D20A2CE28002F1B91 /* Base */ = {isa = PBXFileReference; lastKnownFileType = file.storyboard; name = Base; path = OcO/Base.lproj/Main.storyboard; sourceTree = "<group>"; };
		65DDA26320A2CF42002F1B91 /* build-debug.xcconfig */ = {isa = PBXFileReference; fileEncoding = 4; lastKnownFileType = text.xcconfig; name = "build-debug.xcconfig"; path = "cordova/build-debug.xcconfig"; sourceTree = "<group>"; };
		65DDA26420A2CF42002F1B91 /* build-release.xcconfig */ = {isa = PBXFileReference; fileEncoding = 4; lastKnownFileType = text.xcconfig; name = "build-release.xcconfig"; path = "cordova/build-release.xcconfig"; sourceTree = "<group>"; };
		65DDA26520A2CF42002F1B91 /* build.xcconfig */ = {isa = PBXFileReference; fileEncoding = 4; lastKnownFileType = text.xcconfig; name = build.xcconfig; path = cordova/build.xcconfig; sourceTree = "<group>"; };
		935A3B929559D45D4A8CF844 /* libPods-OcO.a */ = {isa = PBXFileReference; explicitFileType = archive.ar; includeInIndex = 0; path = "libPods-OcO.a"; sourceTree = BUILT_PRODUCTS_DIR; };
		A5FA15744BB34F28931AE083 /* CDVWKProcessPoolFactory.h */ = {isa = PBXFileReference; explicitFileType = undefined; fileEncoding = 4; includeInIndex = 0; lastKnownFileType = sourcecode.c.h; name = CDVWKProcessPoolFactory.h; path = "cordova-plugin-wkwebview-engine/CDVWKProcessPoolFactory.h"; sourceTree = "<group>"; };
		C8E8777C039645E6B7A38121 /* CDVWKWebViewEngine.h */ = {isa = PBXFileReference; explicitFileType = undefined; fileEncoding = 4; includeInIndex = 0; lastKnownFileType = sourcecode.c.h; name = CDVWKWebViewEngine.h; path = "cordova-plugin-wkwebview-engine/CDVWKWebViewEngine.h"; sourceTree = "<group>"; };
		D515AB5B4D064F959D905461 /* CDVWKWebViewEngine.m */ = {isa = PBXFileReference; explicitFileType = undefined; fileEncoding = 4; includeInIndex = 0; lastKnownFileType = sourcecode.c.objc; name = CDVWKWebViewEngine.m; path = "cordova-plugin-wkwebview-engine/CDVWKWebViewEngine.m"; sourceTree = "<group>"; };
		DEB4C8442CAE41D5BA3D5AF6 /* CDVWKProcessPoolFactory.m */ = {isa = PBXFileReference; explicitFileType = undefined; fileEncoding = 4; includeInIndex = 0; lastKnownFileType = sourcecode.c.objc; name = CDVWKProcessPoolFactory.m; path = "cordova-plugin-wkwebview-engine/CDVWKProcessPoolFactory.m"; sourceTree = "<group>"; };
		EB87FDF31871DA8E0020F90C /* www */ = {isa = PBXFileReference; lastKnownFileType = folder; name = www; path = ../../www; sourceTree = "<group>"; };
		EB87FDF41871DAF40020F90C /* config.xml */ = {isa = PBXFileReference; lastKnownFileType = text.xml; name = config.xml; path = ../../config.xml; sourceTree = "<group>"; };
		ECA018CB0B484EC6AE1C344B /* WebKit.framework */ = {isa = PBXFileReference; explicitFileType = undefined; fileEncoding = 9; includeInIndex = 0; lastKnownFileType = wrapper.framework; name = WebKit.framework; path = System/Library/Frameworks/WebKit.framework; sourceTree = SDKROOT; };
		ED33DF2A687741AEAF9F8254 /* Bridging-Header.h */ = {isa = PBXFileReference; fileEncoding = 4; lastKnownFileType = sourcecode.c.h; path = "Bridging-Header.h"; sourceTree = "<group>"; };
		F6CCB69EBA9228ADCD8A95C5 /* Pods-OcO.release.xcconfig */ = {isa = PBXFileReference; includeInIndex = 1; lastKnownFileType = text.xcconfig; name = "Pods-OcO.release.xcconfig"; path = "Pods/Target Support Files/Pods-OcO/Pods-OcO.release.xcconfig"; sourceTree = "<group>"; };
		F800BDEF1EBB4AC6A3E41BBB /* CDVWKWebViewUIDelegate.h */ = {isa = PBXFileReference; explicitFileType = undefined; fileEncoding = 4; includeInIndex = 0; lastKnownFileType = sourcecode.c.h; name = CDVWKWebViewUIDelegate.h; path = "cordova-plugin-wkwebview-engine/CDVWKWebViewUIDelegate.h"; sourceTree = "<group>"; };
		F840E1F0165FE0F500CFE078 /* config.xml */ = {isa = PBXFileReference; lastKnownFileType = text.xml; name = config.xml; path = OcO/config.xml; sourceTree = "<group>"; };
/* End PBXFileReference section */

/* Begin PBXFrameworksBuildPhase section */
		1D60588F0D05DD3D006BFB54 /* Frameworks */ = {
			isa = PBXFrameworksBuildPhase;
			buildActionMask = 2147483647;
			files = (
				301BF552109A68D80062928A /* libCordova.a in Frameworks */,
				7C13B126981B419490134368 /* WebKit.framework in Frameworks */,
				B05D1520E12DAD0673EBFEC6 /* libPods-OcO.a in Frameworks */,
			);
			runOnlyForDeploymentPostprocessing = 0;
		};
/* End PBXFrameworksBuildPhase section */

/* Begin PBXGroup section */
		080E96DDFE201D6D7F000001 /* Classes */ = {
			isa = PBXGroup;
			children = (
				1D3623240D0F684500981E51 /* AppDelegate.h */,
				1D3623250D0F684500981E51 /* AppDelegate.m */,
				6547D14A20A1B100001291EF /* Base */,
				6547D14B20A1B100001291EF /* Model */,
				6547D14C20A1B100001291EF /* ViewController */,
			);
			name = Classes;
			path = OcO/Classes;
			sourceTree = SOURCE_ROOT;
		};
		19C28FACFE9D520D11CA2CBB /* Products */ = {
			isa = PBXGroup;
			children = (
				1D6058910D05DD3D006BFB54 /* OcO.app */,
			);
			name = Products;
			sourceTree = "<group>";
		};
		29B97314FDCFA39411CA2CEA /* CustomTemplate */ = {
			isa = PBXGroup;
			children = (
				EB87FDF41871DAF40020F90C /* config.xml */,
				EB87FDF31871DA8E0020F90C /* www */,
				EB87FDF11871DA420020F90C /* Staging */,
				301BF52D109A57CC0062928A /* CordovaLib/CordovaLib.xcodeproj */,
				080E96DDFE201D6D7F000001 /* Classes */,
				307C750510C5A3420062BCA9 /* Plugins */,
				29B97315FDCFA39411CA2CEA /* Other Sources */,
				65DDA25020A2CD9C002F1B91 /* Resources */,
				29B97323FDCFA39411CA2CEA /* Frameworks */,
				19C28FACFE9D520D11CA2CBB /* Products */,
				565B7736BDEE3325404AEA24 /* Pods */,
			);
			name = CustomTemplate;
			sourceTree = "<group>";
		};
		29B97315FDCFA39411CA2CEA /* Other Sources */ = {
			isa = PBXGroup;
			children = (
				32CA4F630368D1EE00C91783 /* OcO-Prefix.pch */,
				29B97316FDCFA39411CA2CEA /* main.m */,
				ED33DF2A687741AEAF9F8254 /* Bridging-Header.h */,
			);
			name = "Other Sources";
			path = OcO;
			sourceTree = "<group>";
		};
		29B97323FDCFA39411CA2CEA /* Frameworks */ = {
			isa = PBXGroup;
			children = (
				935A3B929559D45D4A8CF844 /* libPods-OcO.a */,
				ECA018CB0B484EC6AE1C344B /* WebKit.framework */,
			);
			name = Frameworks;
			sourceTree = "<group>";
		};
		301BF52E109A57CC0062928A /* Products */ = {
			isa = PBXGroup;
			children = (
				301BF535109A57CC0062928A /* libCordova.a */,
				6547D13620A1AED5001291EF /* Cordova.framework */,
			);
			name = Products;
			sourceTree = "<group>";
		};
		307C750510C5A3420062BCA9 /* Plugins */ = {
			isa = PBXGroup;
			children = (
				1414982CA1AC4E54BE2790F3 /* CDVLogger.h */,
				114AE4B30E8A4A1BA8E050F5 /* CDVLogger.m */,
				A5FA15744BB34F28931AE083 /* CDVWKProcessPoolFactory.h */,
				DEB4C8442CAE41D5BA3D5AF6 /* CDVWKProcessPoolFactory.m */,
				C8E8777C039645E6B7A38121 /* CDVWKWebViewEngine.h */,
				D515AB5B4D064F959D905461 /* CDVWKWebViewEngine.m */,
				F800BDEF1EBB4AC6A3E41BBB /* CDVWKWebViewUIDelegate.h */,
				2ED12C59FD5548B39C5BA81E /* CDVWKWebViewUIDelegate.m */,
				6547D15620A1B336001291EF /* OcOAdapter.h */,
				6547D15820A1B336001291EF /* OcOAdapter.m */,
				6547D15720A1B336001291EF /* OcODevice.h */,
				6547D15B20A1B336001291EF /* OcODevice.m */,
				6547D15920A1B336001291EF /* OcONetwork.h */,
				6547D15A20A1B336001291EF /* OcONetwork.m */,
			);
			name = Plugins;
			path = OcO/Plugins;
			sourceTree = SOURCE_ROOT;
		};
		565B7736BDEE3325404AEA24 /* Pods */ = {
			isa = PBXGroup;
			children = (
				4B983E3D31435E0EE17B9D13 /* Pods-OcO.debug.xcconfig */,
				F6CCB69EBA9228ADCD8A95C5 /* Pods-OcO.release.xcconfig */,
			);
			name = Pods;
			sourceTree = "<group>";
		};
		6547D14A20A1B100001291EF /* Base */ = {
			isa = PBXGroup;
			children = (
			);
			path = Base;
			sourceTree = "<group>";
		};
		6547D14B20A1B100001291EF /* Model */ = {
			isa = PBXGroup;
			children = (
			);
			path = Model;
			sourceTree = "<group>";
		};
		6547D14C20A1B100001291EF /* ViewController */ = {
			isa = PBXGroup;
			children = (
				6547D14D20A1B100001291EF /* OcOMainViewController.h */,
				6547D14E20A1B100001291EF /* OcOMainViewController.m */,
				6547D14F20A1B100001291EF /* OcONativeViewController.h */,
				6547D15020A1B100001291EF /* OcONativeViewController.m */,
				6547D15120A1B100001291EF /* OcOWebViewController.h */,
				6547D15220A1B100001291EF /* OcOWebViewController.m */,
			);
			path = ViewController;
			sourceTree = "<group>";
		};
		65DDA25020A2CD9C002F1B91 /* Resources */ = {
			isa = PBXGroup;
			children = (
				65DDA25420A2CDCB002F1B91 /* Images.xcassets */,
				65DDA26220A2CE9C002F1B91 /* config */,
				65DDA25720A2CDD8002F1B91 /* OcO-Info.plist */,
				65DDA25A20A2CE28002F1B91 /* LaunchScreen.storyboard */,
				65DDA25C20A2CE28002F1B91 /* Main.storyboard */,
			);
			name = Resources;
			sourceTree = "<group>";
		};
		65DDA26220A2CE9C002F1B91 /* config */ = {
			isa = PBXGroup;
			children = (
				65DDA26320A2CF42002F1B91 /* build-debug.xcconfig */,
				65DDA26420A2CF42002F1B91 /* build-release.xcconfig */,
				65DDA26520A2CF42002F1B91 /* build.xcconfig */,
			);
			name = config;
			sourceTree = "<group>";
		};
		EB87FDF11871DA420020F90C /* Staging */ = {
			isa = PBXGroup;
			children = (
				F840E1F0165FE0F500CFE078 /* config.xml */,
				301BF56E109A69640062928A /* www */,
			);
			name = Staging;
			sourceTree = "<group>";
		};
/* End PBXGroup section */

/* Begin PBXNativeTarget section */
		1D6058900D05DD3D006BFB54 /* OcO */ = {
			isa = PBXNativeTarget;
			buildConfigurationList = 1D6058960D05DD3E006BFB54 /* Build configuration list for PBXNativeTarget "OcO" */;
			buildPhases = (
				2B2C91BF7FB860A98163D3AE /* [CP] Check Pods Manifest.lock */,
				304B58A110DAC018002A0835 /* Copy www directory */,
				1D60588D0D05DD3D006BFB54 /* Resources */,
				1D60588E0D05DD3D006BFB54 /* Sources */,
				1D60588F0D05DD3D006BFB54 /* Frameworks */,
				2B328B20E336DFCFAB724FD9 /* [CP] Embed Pods Frameworks */,
				B5D2ACE664337ED75E2B65D2 /* [CP] Copy Pods Resources */,
			);
			buildRules = (
			);
			dependencies = (
				301BF551109A68C00062928A /* PBXTargetDependency */,
			);
			name = OcO;
			productName = OcO;
			productReference = 1D6058910D05DD3D006BFB54 /* OcO.app */;
			productType = "com.apple.product-type.application";
		};
/* End PBXNativeTarget section */

/* Begin PBXProject section */
		29B97313FDCFA39411CA2CEA /* Project object */ = {
			isa = PBXProject;
			attributes = {
				LastUpgradeCheck = 510;
				TargetAttributes = {
					1D6058900D05DD3D006BFB54 = {
						DevelopmentTeam = YP2P43BPRF;
						ProvisioningStyle = Automatic;
					};
				};
			};
			buildConfigurationList = C01FCF4E08A954540054247B /* Build configuration list for PBXProject "OcO" */;
			compatibilityVersion = "Xcode 3.2";
			developmentRegion = English;
			hasScannedForEncodings = 1;
			knownRegions = (
				en,
				Base,
			);
			mainGroup = 29B97314FDCFA39411CA2CEA /* CustomTemplate */;
			productRefGroup = 19C28FACFE9D520D11CA2CBB /* Products */;
			projectDirPath = "";
			projectReferences = (
				{
					ProductGroup = 301BF52E109A57CC0062928A /* Products */;
					ProjectRef = 301BF52D109A57CC0062928A /* CordovaLib/CordovaLib.xcodeproj */;
				},
			);
			projectRoot = "";
			targets = (
				1D6058900D05DD3D006BFB54 /* OcO */,
			);
		};
/* End PBXProject section */

/* Begin PBXReferenceProxy section */
		301BF535109A57CC0062928A /* libCordova.a */ = {
			isa = PBXReferenceProxy;
			fileType = archive.ar;
			path = libCordova.a;
			remoteRef = 301BF534109A57CC0062928A /* PBXContainerItemProxy */;
			sourceTree = BUILT_PRODUCTS_DIR;
		};
		6547D13620A1AED5001291EF /* Cordova.framework */ = {
			isa = PBXReferenceProxy;
			fileType = wrapper.framework;
			path = Cordova.framework;
			remoteRef = 6547D13520A1AED5001291EF /* PBXContainerItemProxy */;
			sourceTree = BUILT_PRODUCTS_DIR;
		};
/* End PBXReferenceProxy section */

/* Begin PBXResourcesBuildPhase section */
		1D60588D0D05DD3D006BFB54 /* Resources */ = {
			isa = PBXResourcesBuildPhase;
			buildActionMask = 2147483647;
			files = (
				65DDA25E20A2CE28002F1B91 /* LaunchScreen.storyboard in Resources */,
				65DDA26820A2CF42002F1B91 /* build.xcconfig in Resources */,
				65DDA25820A2CDD8002F1B91 /* OcO-Info.plist in Resources */,
				65DDA25620A2CDCB002F1B91 /* Images.xcassets in Resources */,
				65DDA26720A2CF42002F1B91 /* build-release.xcconfig in Resources */,
				65DDA26620A2CF42002F1B91 /* build-debug.xcconfig in Resources */,
				65DDA25F20A2CE28002F1B91 /* Main.storyboard in Resources */,
			);
			runOnlyForDeploymentPostprocessing = 0;
		};
/* End PBXResourcesBuildPhase section */

/* Begin PBXShellScriptBuildPhase section */
		2B2C91BF7FB860A98163D3AE /* [CP] Check Pods Manifest.lock */ = {
			isa = PBXShellScriptBuildPhase;
			buildActionMask = 2147483647;
			files = (
			);
			inputPaths = (
				"${PODS_PODFILE_DIR_PATH}/Podfile.lock",
				"${PODS_ROOT}/Manifest.lock",
			);
			name = "[CP] Check Pods Manifest.lock";
			outputPaths = (
				"$(DERIVED_FILE_DIR)/Pods-OcO-checkManifestLockResult.txt",
			);
			runOnlyForDeploymentPostprocessing = 0;
			shellPath = /bin/sh;
			shellScript = "diff \"${PODS_PODFILE_DIR_PATH}/Podfile.lock\" \"${PODS_ROOT}/Manifest.lock\" > /dev/null\nif [ $? != 0 ] ; then\n    # print error to STDERR\n    echo \"error: The sandbox is not in sync with the Podfile.lock. Run 'pod install' or update your CocoaPods installation.\" >&2\n    exit 1\nfi\n# This output is used by Xcode 'outputs' to avoid re-running this script phase.\necho \"SUCCESS\" > \"${SCRIPT_OUTPUT_FILE_0}\"\n";
			showEnvVarsInLog = 0;
		};
		2B328B20E336DFCFAB724FD9 /* [CP] Embed Pods Frameworks */ = {
			isa = PBXShellScriptBuildPhase;
			buildActionMask = 2147483647;
			files = (
			);
			inputPaths = (
			);
			name = "[CP] Embed Pods Frameworks";
			outputPaths = (
			);
			runOnlyForDeploymentPostprocessing = 0;
			shellPath = /bin/sh;
			shellScript = "\"${SRCROOT}/Pods/Target Support Files/Pods-OcO/Pods-OcO-frameworks.sh\"\n";
			showEnvVarsInLog = 0;
		};
		304B58A110DAC018002A0835 /* Copy www directory */ = {
			isa = PBXShellScriptBuildPhase;
			buildActionMask = 2147483647;
			files = (
			);
			inputPaths = (
			);
			name = "Copy www directory";
			outputPaths = (
			);
			runOnlyForDeploymentPostprocessing = 0;
			shellPath = /bin/sh;
			shellScript = "NODEJS_PATH=/usr/local/bin; NVM_NODE_PATH=~/.nvm/versions/node/`nvm version 2>/dev/null`/bin; N_NODE_PATH=`find /usr/local/n/versions/node/* -maxdepth 0 -type d 2>/dev/null | tail -1`/bin; XCODE_NODE_PATH=`xcode-select --print-path`/usr/share/xcs/Node/bin; PATH=$NODEJS_PATH:$NVM_NODE_PATH:$N_NODE_PATH:$XCODE_NODE_PATH:$PATH && node cordova/lib/copy-www-build-step.js";
			showEnvVarsInLog = 0;
		};
		B5D2ACE664337ED75E2B65D2 /* [CP] Copy Pods Resources */ = {
			isa = PBXShellScriptBuildPhase;
			buildActionMask = 2147483647;
			files = (
			);
			inputPaths = (
			);
			name = "[CP] Copy Pods Resources";
			outputPaths = (
			);
			runOnlyForDeploymentPostprocessing = 0;
			shellPath = /bin/sh;
			shellScript = "\"${SRCROOT}/Pods/Target Support Files/Pods-OcO/Pods-OcO-resources.sh\"\n";
			showEnvVarsInLog = 0;
		};
/* End PBXShellScriptBuildPhase section */

/* Begin PBXSourcesBuildPhase section */
		1D60588E0D05DD3D006BFB54 /* Sources */ = {
			isa = PBXSourcesBuildPhase;
			buildActionMask = 2147483647;
			files = (
				6547D15520A1B100001291EF /* OcOWebViewController.m in Sources */,
				6547D15C20A1B336001291EF /* OcOAdapter.m in Sources */,
				1D60589B0D05DD56006BFB54 /* main.m in Sources */,
				1D3623260D0F684500981E51 /* AppDelegate.m in Sources */,
				6547D15D20A1B336001291EF /* OcONetwork.m in Sources */,
				9DC00A17DAD946959CCADB2A /* CDVLogger.m in Sources */,
				6547D15420A1B100001291EF /* OcONativeViewController.m in Sources */,
				A03E251534924960BA890D9D /* CDVWKWebViewEngine.m in Sources */,
				6547D15320A1B100001291EF /* OcOMainViewController.m in Sources */,
				6ADB7E317DD8486BA9969EC8 /* CDVWKWebViewUIDelegate.m in Sources */,
				B2E07412A51B4B799AC04F5C /* CDVWKProcessPoolFactory.m in Sources */,
				6547D15E20A1B336001291EF /* OcODevice.m in Sources */,
			);
			runOnlyForDeploymentPostprocessing = 0;
		};
/* End PBXSourcesBuildPhase section */

/* Begin PBXTargetDependency section */
		301BF551109A68C00062928A /* PBXTargetDependency */ = {
			isa = PBXTargetDependency;
			name = CordovaLib;
			targetProxy = 301BF550109A68C00062928A /* PBXContainerItemProxy */;
		};
/* End PBXTargetDependency section */

/* Begin PBXVariantGroup section */
		65DDA25A20A2CE28002F1B91 /* LaunchScreen.storyboard */ = {
			isa = PBXVariantGroup;
			children = (
				65DDA25B20A2CE28002F1B91 /* Base */,
			);
			name = LaunchScreen.storyboard;
			sourceTree = "<group>";
		};
		65DDA25C20A2CE28002F1B91 /* Main.storyboard */ = {
			isa = PBXVariantGroup;
			children = (
				65DDA25D20A2CE28002F1B91 /* Base */,
			);
			name = Main.storyboard;
			sourceTree = "<group>";
		};
/* End PBXVariantGroup section */

/* Begin XCBuildConfiguration section */
		1D6058940D05DD3E006BFB54 /* Debug */ = {
			isa = XCBuildConfiguration;
			baseConfigurationReference = 4B983E3D31435E0EE17B9D13 /* Pods-OcO.debug.xcconfig */;
			buildSettings = {
				ALWAYS_SEARCH_USER_PATHS = NO;
				ASSETCATALOG_COMPILER_APPICON_NAME = AppIcon;
				CLANG_ENABLE_MODULES = YES;
				CLANG_ENABLE_OBJC_ARC = YES;
				"CODE_SIGN_IDENTITY[sdk=iphoneos*]" = "iPhone Developer";
				CODE_SIGN_STYLE = Automatic;
				COPY_PHASE_STRIP = NO;
				DEVELOPMENT_TEAM = YP2P43BPRF;
				GCC_DYNAMIC_NO_PIC = NO;
				GCC_OPTIMIZATION_LEVEL = 0;
				GCC_PRECOMPILE_PREFIX_HEADER = YES;
				GCC_PREFIX_HEADER = "OcO/OcO-Prefix.pch";
				GCC_THUMB_SUPPORT = NO;
				GCC_VERSION = "";
				INFOPLIST_FILE = "OcO/OcO-Info.plist";
				IPHONEOS_DEPLOYMENT_TARGET = 9.0;
				LD_RUNPATH_SEARCH_PATHS = "@executable_path/Frameworks";
				PRODUCT_NAME = OcO;
				PROVISIONING_PROFILE_SPECIFIER = "";
				TARGETED_DEVICE_FAMILY = "1,2";
			};
			name = Debug;
		};
		1D6058950D05DD3E006BFB54 /* Release */ = {
			isa = XCBuildConfiguration;
			baseConfigurationReference = F6CCB69EBA9228ADCD8A95C5 /* Pods-OcO.release.xcconfig */;
			buildSettings = {
				ALWAYS_SEARCH_USER_PATHS = NO;
				ASSETCATALOG_COMPILER_APPICON_NAME = AppIcon;
				CLANG_ENABLE_MODULES = YES;
				CLANG_ENABLE_OBJC_ARC = YES;
				"CODE_SIGN_IDENTITY[sdk=iphoneos*]" = "iPhone Developer";
				CODE_SIGN_STYLE = Automatic;
				COPY_PHASE_STRIP = YES;
				DEVELOPMENT_TEAM = YP2P43BPRF;
				GCC_PRECOMPILE_PREFIX_HEADER = YES;
				GCC_PREFIX_HEADER = "OcO/OcO-Prefix.pch";
				GCC_THUMB_SUPPORT = NO;
				GCC_VERSION = "";
				INFOPLIST_FILE = "OcO/OcO-Info.plist";
				IPHONEOS_DEPLOYMENT_TARGET = 9.0;
				LD_RUNPATH_SEARCH_PATHS = "@executable_path/Frameworks";
				PRODUCT_NAME = OcO;
				PROVISIONING_PROFILE_SPECIFIER = "";
				TARGETED_DEVICE_FAMILY = "1,2";
			};
			name = Release;
		};
		C01FCF4F08A954540054247B /* Debug */ = {
			isa = XCBuildConfiguration;
			buildSettings = {
				CLANG_ENABLE_MODULES = YES;
				CLANG_ENABLE_OBJC_ARC = YES;
				CLANG_WARN_BOOL_CONVERSION = YES;
				CLANG_WARN_CONSTANT_CONVERSION = YES;
				CLANG_WARN_EMPTY_BODY = YES;
				CLANG_WARN_ENUM_CONVERSION = YES;
				CLANG_WARN_INT_CONVERSION = YES;
				CLANG_WARN__DUPLICATE_METHOD_MATCH = YES;
				GCC_C_LANGUAGE_STANDARD = c99;
				GCC_THUMB_SUPPORT = NO;
				GCC_VERSION = "";
				GCC_WARN_ABOUT_RETURN_TYPE = YES;
				GCC_WARN_UNDECLARED_SELECTOR = YES;
				GCC_WARN_UNINITIALIZED_AUTOS = YES;
				GCC_WARN_UNUSED_FUNCTION = YES;
				GCC_WARN_UNUSED_VARIABLE = YES;
				ONLY_ACTIVE_ARCH = YES;
				SDKROOT = iphoneos;
				SKIP_INSTALL = NO;
			};
			name = Debug;
		};
		C01FCF5008A954540054247B /* Release */ = {
			isa = XCBuildConfiguration;
			buildSettings = {
				CLANG_ENABLE_MODULES = YES;
				CLANG_ENABLE_OBJC_ARC = YES;
				CLANG_WARN_BOOL_CONVERSION = YES;
				CLANG_WARN_CONSTANT_CONVERSION = YES;
				CLANG_WARN_EMPTY_BODY = YES;
				CLANG_WARN_ENUM_CONVERSION = YES;
				CLANG_WARN_INT_CONVERSION = YES;
				CLANG_WARN__DUPLICATE_METHOD_MATCH = YES;
				GCC_C_LANGUAGE_STANDARD = c99;
				GCC_THUMB_SUPPORT = NO;
				GCC_VERSION = "";
				GCC_WARN_ABOUT_RETURN_TYPE = YES;
				GCC_WARN_UNDECLARED_SELECTOR = YES;
				GCC_WARN_UNINITIALIZED_AUTOS = YES;
				GCC_WARN_UNUSED_FUNCTION = YES;
				GCC_WARN_UNUSED_VARIABLE = YES;
				SDKROOT = iphoneos;
				SKIP_INSTALL = NO;
			};
			name = Release;
		};
/* End XCBuildConfiguration section */

/* Begin XCConfigurationList section */
		1D6058960D05DD3E006BFB54 /* Build configuration list for PBXNativeTarget "OcO" */ = {
			isa = XCConfigurationList;
			buildConfigurations = (
				1D6058940D05DD3E006BFB54 /* Debug */,
				1D6058950D05DD3E006BFB54 /* Release */,
			);
			defaultConfigurationIsVisible = 0;
			defaultConfigurationName = Release;
		};
		C01FCF4E08A954540054247B /* Build configuration list for PBXProject "OcO" */ = {
			isa = XCConfigurationList;
			buildConfigurations = (
				C01FCF4F08A954540054247B /* Debug */,
				C01FCF5008A954540054247B /* Release */,
			);
			defaultConfigurationIsVisible = 0;
			defaultConfigurationName = Release;
		};
/* End XCConfigurationList section */
	};
	rootObject = 29B97313FDCFA39411CA2CEA /* Project object */;
}
